
Microsoft Visual Studio Solution File, Format Version 12.00
# Visual Studio Version 17
VisualStudioVersion = 17.0.31903.59
MinimumVisualStudioVersion = 10.0.40219.1
Project("{FAE04EC0-301F-11D3-BF4B-00C04F79EFBC}") = "API", "API\API.csproj", "{EC5B1757-2DA9-4B31-AEC9-C6573918BC5A}"
EndProject
Global
	GlobalSection(SolutionConfigurationPlatforms) = preSolution
		Debug|Any CPU = Debug|Any CPU
		Release|Any CPU = Release|Any CPU
	EndGlobalSection
	GlobalSection(SolutionProperties) = preSolution
		HideSolutionNode = FALSE
	EndGlobalSection
	GlobalSection(ProjectConfigurationPlatforms) = postSolution
		{EC5B1757-2DA9-4B31-AEC9-C6573918BC5A}.Debug|Any CPU.ActiveCfg = Debug|Any CPU
		{EC5B1757-2DA9-4B31-AEC9-C6573918BC5A}.Debug|Any CPU.Build.0 = Debug|Any CPU
		{EC5B1757-2DA9-4B31-AEC9-C6573918BC5A}.Release|Any CPU.ActiveCfg = Release|Any CPU
		{EC5B1757-2DA9-4B31-AEC9-C6573918BC5A}.Release|Any CPU.Build.0 = Release|Any CPU
	EndGlobalSection
EndGlobal
